
Microsoft Visual Studio Solution File, Format Version 12.00
# Visual Studio Version 17
VisualStudioVersion = 17.4.33213.308
MinimumVisualStudioVersion = 10.0.40219.1
Project("{FAE04EC0-301F-11D3-BF4B-00C04F79EFBC}") = "String_Reverse_WO_Function", "String_Reverse_WO_Function\String_Reverse_WO_Function.csproj", "{EA378F0B-8B51-40B2-A898-B9CBD0E4A9B4}"
EndProject
Global
	GlobalSection(SolutionConfigurationPlatforms) = preSolution
		Debug|Any CPU = Debug|Any CPU
		Release|Any CPU = Release|Any CPU
	EndGlobalSection
	GlobalSection(ProjectConfigurationPlatforms) = postSolution
		{EA378F0B-8B51-40B2-A898-B9CBD0E4A9B4}.Debug|Any CPU.ActiveCfg = Debug|Any CPU
		{EA378F0B-8B51-40B2-A898-B9CBD0E4A9B4}.Debug|Any CPU.Build.0 = Debug|Any CPU
		{EA378F0B-8B51-40B2-A898-B9CBD0E4A9B4}.Release|Any CPU.ActiveCfg = Release|Any CPU
		{EA378F0B-8B51-40B2-A898-B9CBD0E4A9B4}.Release|Any CPU.Build.0 = Release|Any CPU
	EndGlobalSection
	GlobalSection(SolutionProperties) = preSolution
		HideSolutionNode = FALSE
	EndGlobalSection
	GlobalSection(ExtensibilityGlobals) = postSolution
		SolutionGuid = {5059DBE1-A8A6-457B-82ED-51F42FCAE783}
	EndGlobalSection
EndGlobal
